{
    "_readme": [
        "This file locks the dependencies of your project to a known state",
        "Read more about it at https://getcomposer.org/doc/01-basic-usage.md#composer-lock-the-lock-file",
        "This file is @generated automatically"
    ],
    "content-hash": "b620e0b45ebc684e8f54fd284c68db17",
    "packages": [
        {
            "name": "cmmarslender/wp-library-helpers",
            "version": "dev-master",
            "source": {
                "type": "git",
                "url": "https://github.com/cmmarslender/wp-library-helpers.git",
                "reference": "8824b7dab9657cdee0b35843659c68d3f671dda9"
            },
            "dist": {
                "type": "zip",
                "url": "https://api.github.com/repos/cmmarslender/wp-library-helpers/zipball/8824b7dab9657cdee0b35843659c68d3f671dda9",
                "reference": "8824b7dab9657cdee0b35843659c68d3f671dda9",
                "shasum": ""
            },
            "type": "wordpress-library",
            "autoload": {
                "files": [
                    "load.php"
                ]
            },
            "notification-url": "https://packagist.org/downloads/",
            "license": [
                "MIT"
            ],
            "authors": [
                {
                    "name": "Chris Marslender",
                    "email": "chrismarslender@gmail.com"
                }
            ],
            "description": "Helper functions for use in WordPress libraries",
            "time": "2016-05-14 03:02:17"
        }
    ],
    "packages-dev": [],
    "aliases": [],
    "minimum-stability": "dev",
    "stability-flags": {
        "cmmarslender/wp-library-helpers": 20
    },
    "prefer-stable": false,
    "prefer-lowest": false,
    "platform": [],
    "platform-dev": []
}
